
Microsoft Visual Studio Solution File, Format Version 12.00
# Visual Studio Version 16
VisualStudioVersion = 16.0.31605.320
MinimumVisualStudioVersion = 10.0.40219.1
Project("{FAE04EC0-301F-11D3-BF4B-00C04F79EFBC}") = "TempGeo", "TempGeo\TempGeo.csproj", "{B9086213-8A70-4317-9039-A8AD2FF8D664}"
EndProject
Global
	GlobalSection(SolutionConfigurationPlatforms) = preSolution
		Debug|Any CPU = Debug|Any CPU
		Release|Any CPU = Release|Any CPU
	EndGlobalSection
	GlobalSection(ProjectConfigurationPlatforms) = postSolution
		{B9086213-8A70-4317-9039-A8AD2FF8D664}.Debug|Any CPU.ActiveCfg = Debug|Any CPU
		{B9086213-8A70-4317-9039-A8AD2FF8D664}.Debug|Any CPU.Build.0 = Debug|Any CPU
		{B9086213-8A70-4317-9039-A8AD2FF8D664}.Release|Any CPU.ActiveCfg = Release|Any CPU
		{B9086213-8A70-4317-9039-A8AD2FF8D664}.Release|Any CPU.Build.0 = Release|Any CPU
	EndGlobalSection
	GlobalSection(SolutionProperties) = preSolution
		HideSolutionNode = FALSE
	EndGlobalSection
	GlobalSection(ExtensibilityGlobals) = postSolution
		SolutionGuid = {5F3114CF-CB1D-4537-9C0C-7DD041EFD792}
	EndGlobalSection
EndGlobal
